# Generated by pub
# See https://dart.dev/tools/pub/glossary#lockfile
packages:
  animations:
    dependency: transitive
    description:
      name: animations
      sha256: "9cb469212ea51be27097f23b519d594c01171721347b55df9334fff653659e7f"
      url: "https://pub.flutter-io.cn"
    source: hosted
    version: "2.2.0"
  animetrace:
    dependency: "direct main"
    description:
      path: "../.."
      relative: true
    source: path
    version: "0.0.0"
  app_installer:
    dependency: transitive
    description:
      name: app_installer
      sha256: "4c3a9268b53ead9a915ef79cd3988e28c72719fb78143867f9fed4bd4d8c1cfd"
      url: "https://pub.flutter-io.cn"
    source: hosted
    version: "1.3.1"
  archive:
    dependency: transitive
    description:
      name: archive
      sha256: cb6a278ef2dbb298455e1a713bda08524a175630ec643a242c399c932a0a1f7d
      url: "https://pub.flutter-io.cn"
    source: hosted
    version: "3.6.1"
  args:
    dependency: transitive
    description:
      name: args
      sha256: d0481093c50b1da8910eb0bb301626d4d8eb7284aa739614d2b394ee09e3ea04
      url: "https://pub.flutter-io.cn"
    source: hosted
    version: "2.7.0"
  async:
    dependency: transitive
    description:
      name: async
      sha256: e2eb0491ba5ddb6177742d2da23904574082139b07c1e33b8503b9f46f3e1a37
      url: "https://pub.flutter-io.cn"
    source: hosted
    version: "2.13.1"
  bot_toast:
    dependency: transitive
    description:
      name: bot_toast
      sha256: "6b93030a99a98335b8827ecd83021e92e885ffc61d261d3825ffdecdd17f3bdf"
      url: "https://pub.flutter-io.cn"
    source: hosted
    version: "4.1.3"
  cached_network_image:
    dependency: transitive
    description:
      name: cached_network_image
      sha256: "28ea9690a8207179c319965c13cd8df184d5ee721ae2ce60f398ced1219cea1f"
      url: "https://pub.flutter-io.cn"
    source: hosted
    version: "3.3.1"
  cached_network_image_platform_interface:
    dependency: transitive
    description:
      name: cached_network_image_platform_interface
      sha256: "9e90e78ae72caa874a323d78fa6301b3fb8fa7ea76a8f96dc5b5bf79f283bf2f"
      url: "https://pub.flutter-io.cn"
    source: hosted
    version: "4.0.0"
  cached_network_image_web:
    dependency: transitive
    description:
      name: cached_network_image_web
      sha256: "205d6a9f1862de34b93184f22b9d2d94586b2f05c581d546695e3d8f6a805cd7"
      url: "https://pub.flutter-io.cn"
    source: hosted
    version: "1.2.0"
  characters:
    dependency: transitive
    description:
      name: characters
      sha256: f71061c654a3380576a52b451dd5532377954cf9dbd272a78fc8479606670803
      url: "https://pub.flutter-io.cn"
    source: hosted
    version: "1.4.0"
  clock:
    dependency: transitive
    description:
      name: clock
      sha256: fddb70d9b5277016c77a80201021d40a2247104d9f4aa7bab7157b7e3f05b84b
      url: "https://pub.flutter-io.cn"
    source: hosted
    version: "1.1.2"
  collection:
    dependency: transitive
    description:
      name: collection
      sha256: "2f5709ae4d3d59dd8f7cd309b4e023046b57d8a6c82130785d2b0e5868084e76"
      url: "https://pub.flutter-io.cn"
    source: hosted
    version: "1.19.1"
  convert:
    dependency: transitive
    description:
      name: convert
      sha256: b30acd5944035672bc15c6b7a8b47d773e41e2f17de064350988c5d02adb1c68
      url: "https://pub.flutter-io.cn"
    source: hosted
    version: "3.1.2"
  cross_file:
    dependency: transitive
    description:
      name: cross_file
      sha256: "28bb3ae56f117b5aec029d702a90f57d285cd975c3c5c281eaca38dbc47c5937"
      url: "https://pub.flutter-io.cn"
    source: hosted
    version: "0.3.5+2"
  crypto:
    dependency: transitive
    description:
      name: crypto
      sha256: c8ea0233063ba03258fbcf2ca4d6dadfefe14f02fab57702265467a19f27fadf
      url: "https://pub.flutter-io.cn"
    source: hosted
    version: "3.0.7"
  csslib:
    dependency: transitive
    description:
      name: csslib
      sha256: "09bad715f418841f976c77db72d5398dc1253c21fb9c0c7f0b0b985860b2d58e"
      url: "https://pub.flutter-io.cn"
    source: hosted
    version: "1.0.2"
  darty_json:
    dependency: transitive
    description:
      name: darty_json
      sha256: "35fed955e22ad27c0033aa61da3c1dead79ee3cdafd177f62aa83c7ab1dea2d9"
      url: "https://pub.flutter-io.cn"
    source: hosted
    version: "1.0.5"
  desktop_drop:
    dependency: transitive
    description:
      name: desktop_drop
      sha256: d55a010fe46c8e8fcff4ea4b451a9ff84a162217bdb3b2a0aa1479776205e15d
      url: "https://pub.flutter-io.cn"
    source: hosted
    version: "0.4.4"
  device_frame:
    dependency: transitive
    description:
      name: device_frame
      sha256: "7b2ebb2a09d6cc0f086b51bd1412d7be83e0170056a7290349169be41164c86a"
      url: "https://pub.flutter-io.cn"
    source: hosted
    version: "1.4.0"
  device_info_plus:
    dependency: "direct overridden"
    description:
      path: "packages/device_info_plus/device_info_plus"
      ref: HEAD
      resolved-ref: "44f907d59a3d7c8c1bce7e37893564de3d81f335"
      url: "https://gitcode.com/openharmony-sig/flutter_plus_plugins.git"
    source: git
    version: "9.1.0"
  device_info_plus_platform_interface:
    dependency: transitive
    description:
      name: device_info_plus_platform_interface
      sha256: e1ea89119e34903dca74b883d0dd78eb762814f97fb6c76f35e9ff74d261a18f
      url: "https://pub.flutter-io.cn"
    source: hosted
    version: "7.0.3"
  device_preview:
    dependency: transitive
    description:
      name: device_preview
      sha256: "88aa1cc73ee9a8ec771b309dcbc4000cc66b5d8456b825980997640ab1195bf5"
      url: "https://pub.flutter-io.cn"
    source: hosted
    version: "1.3.1"
  dio:
    dependency: transitive
    description:
      name: dio
      sha256: ea2bad3c89a27635ce2d85cce4d6b199da49a5a48ec77b03e45b65a3b90922b0
      url: "https://pub.flutter-io.cn"
    source: hosted
    version: "5.10.0"
  dio_web_adapter:
    dependency: transitive
    description:
      name: dio_web_adapter
      sha256: dd58dc3861eb36edb13b217efc006a1c21e5bbc341de8c229b85634fa5e362e4
      url: "https://pub.flutter-io.cn"
    source: hosted
    version: "2.2.0"
  easy_refresh:
    dependency: transitive
    description:
      name: easy_refresh
      sha256: "513a5dc82c044f8a9c9a3d600b3d5d3256070575bfd8761940533d8e209ba79b"
      url: "https://pub.flutter-io.cn"
    source: hosted
    version: "3.5.1"
  emoji_picker_flutter:
    dependency: transitive
    description:
      name: emoji_picker_flutter
      sha256: "984d3e9b9cf3175df9a868ce4a2d9611491e80e5d3b8e2b1e8991a4998972885"
      url: "https://pub.flutter-io.cn"
    source: hosted
    version: "4.4.0"
  expand_widget:
    dependency: transitive
    description:
      name: expand_widget
      sha256: "5634e34d796cfad75fb75489ccfba4c1db2536cce61d3626914eed23aecf6939"
      url: "https://pub.flutter-io.cn"
    source: hosted
    version: "3.1.1"
  ffi:
    dependency: transitive
    description:
      name: ffi
      sha256: "6d7fd89431262d8f3125e81b50d3847a091d846eafcd4fdb88dd06f36d705a45"
      url: "https://pub.flutter-io.cn"
    source: hosted
    version: "2.2.0"
  file:
    dependency: transitive
    description:
      name: file
      sha256: a3b4f84adafef897088c160faf7dfffb7696046cb13ae90b508c2cbc95d3b8d4
      url: "https://pub.flutter-io.cn"
    source: hosted
    version: "7.0.1"
  file_picker:
    dependency: "direct overridden"
    description:
      path: "."
      ref: HEAD
      resolved-ref: "9dd30b3fbc215778517f8e3ff1f3a0e00b293919"
      url: "https://gitcode.com/openharmony-sig/fluttertpc_file_picker.git"
    source: git
    version: "8.0.6"
  file_saver:
    dependency: transitive
    description:
      name: file_saver
      sha256: "017a127de686af2d2fbbd64afea97052d95f2a0f87d19d25b87e097407bf9c1e"
      url: "https://pub.flutter-io.cn"
    source: hosted
    version: "0.2.14"
  flex_color_picker:
    dependency: "direct overridden"
    description:
      path: "."
      ref: "fix/target-platform-default"
      resolved-ref: a7ba02be5c8ccf7e19549ea308b76a2fa8573690
      url: "https://github.com/linyi102/flex_color_picker"
    source: git
    version: "3.7.2"
  flex_seed_scheme:
    dependency: transitive
    description:
      name: flex_seed_scheme
      sha256: "828291a5a4d4283590541519d8b57821946660ac61d2e07d955f81cfcab22e5d"
      url: "https://pub.flutter-io.cn"
    source: hosted
    version: "3.6.1"
  flutter:
    dependency: "direct main"
    description: flutter
    source: sdk
    version: "0.0.0"
  flutter_cache_manager:
    dependency: transitive
    description:
      name: flutter_cache_manager
      sha256: "8207f27539deb83732fdda03e259349046a39a4c767269285f449ade355d54ba"
      url: "https://pub.flutter-io.cn"
    source: hosted
    version: "3.3.1"
  flutter_localizations:
    dependency: transitive
    description: flutter
    source: sdk
    version: "0.0.0"
  flutter_markdown:
    dependency: transitive
    description:
      name: flutter_markdown
      sha256: "04c4722cc36ec5af38acc38ece70d22d3c2123c61305d555750a091517bbe504"
      url: "https://pub.flutter-io.cn"
    source: hosted
    version: "0.6.23"
  flutter_plugin_android_lifecycle:
    dependency: transitive
    description:
      name: flutter_plugin_android_lifecycle
      sha256: "38d1c268de9097ff59cf0e844ac38759fc78f76836d37edad06fa21e182055a0"
      url: "https://pub.flutter-io.cn"
    source: hosted
    version: "2.0.34"
  flutter_rating_bar:
    dependency: transitive
    description:
      name: flutter_rating_bar
      sha256: d2af03469eac832c591a1eba47c91ecc871fe5708e69967073c043b2d775ed93
      url: "https://pub.flutter-io.cn"
    source: hosted
    version: "4.0.1"
  flutter_svg:
    dependency: transitive
    description:
      name: flutter_svg
      sha256: "35882981abcbfb8c15b286f0cd690ff25bac12d95eff3e25ee207f37d4c42e7f"
      url: "https://pub.flutter-io.cn"
    source: hosted
    version: "2.3.0"
  flutter_web_plugins:
    dependency: transitive
    description: flutter
    source: sdk
    version: "0.0.0"
  freezed_annotation:
    dependency: transitive
    description:
      name: freezed_annotation
      sha256: "7294967ff0a6d98638e7acb774aac3af2550777accd8149c90af5b014e6d44d8"
      url: "https://pub.flutter-io.cn"
    source: hosted
    version: "3.1.0"
  get:
    dependency: transitive
    description:
      name: get
      sha256: "5ed34a7925b85336e15d472cc4cfe7d9ebf4ab8e8b9f688585bf6b50f4c3d79a"
      url: "https://pub.flutter-io.cn"
    source: hosted
    version: "4.7.3"
  get_time_ago:
    dependency: transitive
    description:
      name: get_time_ago
      sha256: "883e14a3d47471779582b2681734e494748f97301b35e5f6a5b50185788e042a"
      url: "https://pub.flutter-io.cn"
    source: hosted
    version: "2.4.0"
  hotkey_manager:
    dependency: transitive
    description:
      name: hotkey_manager
      sha256: "8aaa0aeaca7015b8c561a58d02eb7ebba95e93357fc9540398c5751ee24afd7c"
      url: "https://pub.flutter-io.cn"
    source: hosted
    version: "0.1.8"
  html:
    dependency: transitive
    description:
      name: html
      sha256: "6d1264f2dffa1b1101c25a91dff0dc2daee4c18e87cd8538729773c073dbf602"
      url: "https://pub.flutter-io.cn"
    source: hosted
    version: "0.15.6"
  http:
    dependency: transitive
    description:
      name: http
      sha256: "87721a4a50b19c7f1d49001e51409bddc46303966ce89a65af4f4e6004896412"
      url: "https://pub.flutter-io.cn"
    source: hosted
    version: "1.6.0"
  http_parser:
    dependency: transitive
    description:
      name: http_parser
      sha256: "178d74305e7866013777bab2c3d8726205dc5a4dd935297175b19a23a2e66571"
      url: "https://pub.flutter-io.cn"
    source: hosted
    version: "4.1.2"
  intl:
    dependency: transitive
    description:
      name: intl
      sha256: "3df61194eb431efc39c4ceba583b95633a403f46c9fd341e550ce0bfa50e9aa5"
      url: "https://pub.flutter-io.cn"
    source: hosted
    version: "0.20.2"
  jni:
    dependency: transitive
    description:
      name: jni
      sha256: c2230682d5bc2362c1c9e8d3c7f406d9cbba23ab3f2e203a025dd47e0fb2e68f
      url: "https://pub.flutter-io.cn"
    source: hosted
    version: "1.0.0"
  jni_flutter:
    dependency: transitive
    description:
      name: jni_flutter
      sha256: "8b59e590786050b1cd866677dddaf76b1ade5e7bc751abe04b86e84d379d3ba6"
      url: "https://pub.flutter-io.cn"
    source: hosted
    version: "1.0.1"
  json_annotation:
    dependency: transitive
    description:
      name: json_annotation
      sha256: "2a743920d81b7910627f68ee2c9ac1fc0bfee32b9fc3403587d7c6791ca12f80"
      url: "https://pub.flutter-io.cn"
    source: hosted
    version: "4.12.0"
  logger:
    dependency: transitive
    description:
      name: logger
      sha256: "25aee487596a6257655a1e091ec2ae66bc30e7af663592cc3a27e6591e05035c"
      url: "https://pub.flutter-io.cn"
    source: hosted
    version: "2.7.0"
  logging:
    dependency: transitive
    description:
      name: logging
      sha256: c8245ada5f1717ed44271ed1c26b8ce85ca3228fd2ffdb75468ab01979309d61
      url: "https://pub.flutter-io.cn"
    source: hosted
    version: "1.3.0"
  lottie:
    dependency: transitive
    description:
      name: lottie
      sha256: a93542cc2d60a7057255405f62252533f8e8956e7e06754955669fd32fb4b216
      url: "https://pub.flutter-io.cn"
    source: hosted
    version: "2.7.0"
  markdown:
    dependency: transitive
    description:
      name: markdown
      sha256: ee85086ad7698b42522c6ad42fe195f1b9898e4d974a1af4576c1a3a176cada9
      url: "https://pub.flutter-io.cn"
    source: hosted
    version: "7.3.1"
  material_color_utilities:
    dependency: transitive
    description:
      name: material_color_utilities
      sha256: f7142bb1154231d7ea5f96bc7bde4bda2a0945d2806bb11670e30b850d56bdec
      url: "https://pub.flutter-io.cn"
    source: hosted
    version: "0.11.1"
  meta:
    dependency: transitive
    description:
      name: meta
      sha256: e3641ec5d63ebf0d9b41bd43201a66e3fc79a65db5f61fc181f04cd27aab950c
      url: "https://pub.flutter-io.cn"
    source: hosted
    version: "1.16.0"
  mime:
    dependency: transitive
    description:
      name: mime
      sha256: "801fd0b26f14a4a58ccb09d5892c3fbdeff209594300a542492cf13fba9d247a"
      url: "https://pub.flutter-io.cn"
    source: hosted
    version: "1.0.6"
  ming_cute_icons:
    dependency: transitive
    description:
      name: ming_cute_icons
      sha256: "64228564392667ddd43549995cd49fdce343866ec372661be9ca728b27be29bc"
      url: "https://pub.flutter-io.cn"
    source: hosted
    version: "0.0.8"
  nested:
    dependency: transitive
    description:
      name: nested
      sha256: "03bac4c528c64c95c722ec99280375a6f2fc708eec17c7b3f07253b626cd2a20"
      url: "https://pub.flutter-io.cn"
    source: hosted
    version: "1.0.0"
  octo_image:
    dependency: transitive
    description:
      name: octo_image
      sha256: "34faa6639a78c7e3cbe79be6f9f96535867e879748ade7d17c9b1ae7536293bd"
      url: "https://pub.flutter-io.cn"
    source: hosted
    version: "2.1.0"
  package_config:
    dependency: transitive
    description:
      name: package_config
      sha256: f096c55ebb7deb7e384101542bfba8c52696c1b56fca2eb62827989ef2353bbc
      url: "https://pub.flutter-io.cn"
    source: hosted
    version: "2.2.0"
  package_info_plus:
    dependency: "direct overridden"
    description:
      path: "packages/package_info_plus/package_info_plus"
      ref: HEAD
      resolved-ref: "44f907d59a3d7c8c1bce7e37893564de3d81f335"
      url: "https://gitcode.com/openharmony-sig/flutter_plus_plugins.git"
    source: git
    version: "4.2.0"
  package_info_plus_platform_interface:
    dependency: transitive
    description:
      name: package_info_plus_platform_interface
      sha256: "9bc8ba46813a4cc42c66ab781470711781940780fd8beddd0c3da62506d3a6c6"
      url: "https://pub.flutter-io.cn"
    source: hosted
    version: "2.0.1"
  path:
    dependency: transitive
    description:
      name: path
      sha256: "75cca69d1490965be98c73ceaea117e8a04dd21217b37b292c9ddbec0d955bc5"
      url: "https://pub.flutter-io.cn"
    source: hosted
    version: "1.9.1"
  path_drawing:
    dependency: transitive
    description:
      name: path_drawing
      sha256: bbb1934c0cbb03091af082a6389ca2080345291ef07a5fa6d6e078ba8682f977
      url: "https://pub.flutter-io.cn"
    source: hosted
    version: "1.0.1"
  path_parsing:
    dependency: transitive
    description:
      name: path_parsing
      sha256: "883402936929eac138ee0a45da5b0f2c80f89913e6dc3bf77eb65b84b409c6ca"
      url: "https://pub.flutter-io.cn"
    source: hosted
    version: "1.1.0"
  path_provider:
    dependency: "direct overridden"
    description:
      path: "packages/path_provider/path_provider"
      ref: HEAD
      resolved-ref: "5c69f5f65ac32631846a6a3ae682f1f91c710cc3"
      url: "https://gitcode.com/openharmony-tpc/flutter_packages.git"
    source: git
    version: "2.1.0"
  path_provider_android:
    dependency: transitive
    description:
      name: path_provider_android
      sha256: "69cbd515a62b94d32a7944f086b2f82b4ac40a1d45bebfc00813a430ab2dabcd"
      url: "https://pub.flutter-io.cn"
    source: hosted
    version: "2.3.1"
  path_provider_foundation:
    dependency: transitive
    description:
      name: path_provider_foundation
      sha256: "6d13aece7b3f5c5a9731eaf553ff9dcbc2eff41087fd2df587fd0fed9a3eb0c4"
      url: "https://pub.flutter-io.cn"
    source: hosted
    version: "2.5.1"
  path_provider_linux:
    dependency: transitive
    description:
      name: path_provider_linux
      sha256: f7a1fe3a634fe7734c8d3f2766ad746ae2a2884abe22e241a8b301bf5cac3279
      url: "https://pub.flutter-io.cn"
    source: hosted
    version: "2.2.1"
  path_provider_ohos:
    dependency: transitive
    description:
      path: "packages/path_provider/path_provider_ohos"
      ref: HEAD
      resolved-ref: "5c69f5f65ac32631846a6a3ae682f1f91c710cc3"
      url: "https://gitcode.com/openharmony-tpc/flutter_packages.git"
    source: git
    version: "2.2.1"
  path_provider_platform_interface:
    dependency: transitive
    description:
      name: path_provider_platform_interface
      sha256: "88f5779f72ba699763fa3a3b06aa4bf6de76c8e5de842cf6f29e2e06476c2334"
      url: "https://pub.flutter-io.cn"
    source: hosted
    version: "2.1.2"
  path_provider_windows:
    dependency: transitive
    description:
      name: path_provider_windows
      sha256: bd6f00dbd873bfb70d0761682da2b3a2c2fccc2b9e84c495821639601d81afe7
      url: "https://pub.flutter-io.cn"
    source: hosted
    version: "2.3.0"
  percent_indicator:
    dependency: transitive
    description:
      name: percent_indicator
      sha256: "157d29133bbc6ecb11f923d36e7960a96a3f28837549a20b65e5135729f0f9fd"
      url: "https://pub.flutter-io.cn"
    source: hosted
    version: "4.2.5"
  permission_handler:
    dependency: "direct overridden"
    description:
      path: permission_handler
      ref: HEAD
      resolved-ref: f79dfe1770c5e3df1e1fd1f68092f9718bf87712
      url: "https://gitcode.com/openharmony-sig/flutter_permission_handler.git"
    source: git
    version: "10.4.3"
  permission_handler_android:
    dependency: transitive
    description:
      name: permission_handler_android
      sha256: "59c6322171c29df93a22d150ad95f3aa19ed86542eaec409ab2691b8f35f9a47"
      url: "https://pub.flutter-io.cn"
    source: hosted
    version: "10.3.6"
  permission_handler_apple:
    dependency: transitive
    description:
      name: permission_handler_apple
      sha256: "99e220bce3f8877c78e4ace901082fb29fa1b4ebde529ad0932d8d664b34f3f5"
      url: "https://pub.flutter-io.cn"
    source: hosted
    version: "9.1.4"
  permission_handler_ohos:
    dependency: transitive
    description:
      path: permission_handler_ohos
      ref: master
      resolved-ref: f79dfe1770c5e3df1e1fd1f68092f9718bf87712
      url: "https://gitcode.com/CPF-Flutter/flutter_permission_handler.git"
    source: git
    version: "10.3.2"
  permission_handler_platform_interface:
    dependency: transitive
    description:
      name: permission_handler_platform_interface
      sha256: "6760eb5ef34589224771010805bea6054ad28453906936f843a8cc4d3a55c4a4"
      url: "https://pub.flutter-io.cn"
    source: hosted
    version: "3.12.0"
  permission_handler_windows:
    dependency: transitive
    description:
      name: permission_handler_windows
      sha256: cc074aace208760f1eee6aa4fae766b45d947df85bc831cde77009cdb4720098
      url: "https://pub.flutter-io.cn"
    source: hosted
    version: "0.1.3"
  petitparser:
    dependency: transitive
    description:
      name: petitparser
      sha256: "91bd59303e9f769f108f8df05e371341b15d59e995e6806aefab827b58336675"
      url: "https://pub.flutter-io.cn"
    source: hosted
    version: "7.0.2"
  photo_view:
    dependency: transitive
    description:
      name: photo_view
      sha256: "8036802a00bae2a78fc197af8a158e3e2f7b500561ed23b4c458107685e645bb"
      url: "https://pub.flutter-io.cn"
    source: hosted
    version: "0.14.0"
  pinyin:
    dependency: transitive
    description:
      name: pinyin
      sha256: "240f271a3c71af20c8d2757756b5ee8e9d79a955d37abad4b3568fd406b22411"
      url: "https://pub.flutter-io.cn"
    source: hosted
    version: "3.3.0"
  platform:
    dependency: transitive
    description:
      name: platform
      sha256: "5d6b1b0036a5f331ebc77c850ebc8506cbc1e9416c27e59b439f917a902a4984"
      url: "https://pub.flutter-io.cn"
    source: hosted
    version: "3.1.6"
  plugin_platform_interface:
    dependency: transitive
    description:
      name: plugin_platform_interface
      sha256: "4820fbfdb9478b1ebae27888254d445073732dae3d6ea81f0b7e06d5dedc3f02"
      url: "https://pub.flutter-io.cn"
    source: hosted
    version: "2.1.8"
  provider:
    dependency: transitive
    description:
      name: provider
      sha256: "4e82183fa20e5ca25703ead7e05de9e4cceed1fbd1eadc1ac3cb6f565a09f272"
      url: "https://pub.flutter-io.cn"
    source: hosted
    version: "6.1.5+1"
  pull_to_refresh:
    dependency: transitive
    description:
      name: pull_to_refresh
      sha256: bbadd5a931837b57739cf08736bea63167e284e71fb23b218c8c9a6e042aad12
      url: "https://pub.flutter-io.cn"
    source: hosted
    version: "2.0.0"
  queue:
    dependency: transitive
    description:
      name: queue
      sha256: "9bc29632072f4dac6cd0056acbb63361f654e2def9ceb4b08cfe0f9cf5618409"
      url: "https://pub.flutter-io.cn"
    source: hosted
    version: "3.4.0"
  reorderable_grid_view:
    dependency: transitive
    description:
      name: reorderable_grid_view
      sha256: e36c6229a97105a10c79e15ab4b9b14ee9f6c488574ff2be9e858c82af47cda6
      url: "https://pub.flutter-io.cn"
    source: hosted
    version: "2.2.8"
  reorderables:
    dependency: transitive
    description:
      name: reorderables
      sha256: "004a886e4878df1ee27321831c838bc1c976311f4ca6a74ce7d561e506540a77"
      url: "https://pub.flutter-io.cn"
    source: hosted
    version: "0.6.0"
  rxdart:
    dependency: transitive
    description:
      name: rxdart
      sha256: "0c7c0cedd93788d996e33041ffecda924cc54389199cde4e6a34b440f50044cb"
      url: "https://pub.flutter-io.cn"
    source: hosted
    version: "0.27.7"
  screen_retriever:
    dependency: transitive
    description:
      name: screen_retriever
      sha256: "6ee02c8a1158e6dae7ca430da79436e3b1c9563c8cf02f524af997c201ac2b90"
      url: "https://pub.flutter-io.cn"
    source: hosted
    version: "0.1.9"
  share_plus:
    dependency: "direct overridden"
    description:
      path: "packages/share_plus/share_plus"
      ref: HEAD
      resolved-ref: "44f907d59a3d7c8c1bce7e37893564de3d81f335"
      url: "https://gitcode.com/openharmony-sig/flutter_plus_plugins.git"
    source: git
    version: "7.2.0"
  share_plus_platform_interface:
    dependency: transitive
    description:
      path: "packages/share_plus/share_plus_platform_interface"
      ref: master
      resolved-ref: "44f907d59a3d7c8c1bce7e37893564de3d81f335"
      url: "https://gitcode.com/CPF-Flutter/flutter_plus_plugins.git"
    source: git
    version: "3.3.0"
  shared_preferences:
    dependency: "direct overridden"
    description:
      path: "packages/shared_preferences/shared_preferences"
      ref: HEAD
      resolved-ref: "5c69f5f65ac32631846a6a3ae682f1f91c710cc3"
      url: "https://gitcode.com/openharmony-sig/flutter_packages.git"
    source: git
    version: "2.2.0"
  shared_preferences_android:
    dependency: transitive
    description:
      name: shared_preferences_android
      sha256: e8d4762b1e2e8578fc4d0fd548cebf24afd24f49719c08974df92834565e2c53
      url: "https://pub.flutter-io.cn"
    source: hosted
    version: "2.4.23"
  shared_preferences_foundation:
    dependency: transitive
    description:
      name: shared_preferences_foundation
      sha256: "4e7eaffc2b17ba398759f1151415869a34771ba11ebbccd1b0145472a619a64f"
      url: "https://pub.flutter-io.cn"
    source: hosted
    version: "2.5.6"
  shared_preferences_linux:
    dependency: transitive
    description:
      name: shared_preferences_linux
      sha256: "580abfd40f415611503cae30adf626e6656dfb2f0cee8f465ece7b6defb40f2f"
      url: "https://pub.flutter-io.cn"
    source: hosted
    version: "2.4.1"
  shared_preferences_ohos:
    dependency: transitive
    description:
      path: "packages/shared_preferences/shared_preferences_ohos"
      ref: HEAD
      resolved-ref: "5c69f5f65ac32631846a6a3ae682f1f91c710cc3"
      url: "https://gitcode.com/openharmony-tpc/flutter_packages.git"
    source: git
    version: "2.2.0"
  shared_preferences_platform_interface:
    dependency: transitive
    description:
      name: shared_preferences_platform_interface
      sha256: "649dc798a33931919ea356c4305c2d1f81619ea6e92244070b520187b5140ef9"
      url: "https://pub.flutter-io.cn"
    source: hosted
    version: "2.4.2"
  shared_preferences_web:
    dependency: transitive
    description:
      name: shared_preferences_web
      sha256: c49bd060261c9a3f0ff445892695d6212ff603ef3115edbb448509d407600019
      url: "https://pub.flutter-io.cn"
    source: hosted
    version: "2.4.3"
  shared_preferences_windows:
    dependency: transitive
    description:
      name: shared_preferences_windows
      sha256: "94ef0f72b2d71bc3e700e025db3710911bd51a71cefb65cc609dd0d9a982e3c1"
      url: "https://pub.flutter-io.cn"
    source: hosted
    version: "2.4.1"
  sky_engine:
    dependency: transitive
    description: flutter
    source: sdk
    version: "0.0.0"
  sliver_tools:
    dependency: transitive
    description:
      name: sliver_tools
      sha256: eae28220badfb9d0559207badcbbc9ad5331aac829a88cb0964d330d2a4636a6
      url: "https://pub.flutter-io.cn"
    source: hosted
    version: "0.2.12"
  source_span:
    dependency: transitive
    description:
      name: source_span
      sha256: "56a02f1f4cd1a2d96303c0144c93bd6d909eea6bee6bf5a0e0b685edbd4c47ab"
      url: "https://pub.flutter-io.cn"
    source: hosted
    version: "1.10.2"
  sqflite:
    dependency: "direct overridden"
    description:
      path: sqflite
      ref: HEAD
      resolved-ref: e909d9f75a9b5e0939c073b6ebf3c45ea0ea69a3
      url: "https://gitcode.com/openharmony-sig/flutter_sqflite.git"
    source: git
    version: "2.2.8+3"
  sqflite_common:
    dependency: transitive
    description:
      path: sqflite_common
      ref: HEAD
      resolved-ref: e909d9f75a9b5e0939c073b6ebf3c45ea0ea69a3
      url: "https://gitcode.com/CPF-Flutter/flutter_sqflite.git"
    source: git
    version: "2.4.5+1"
  sqflite_common_ffi:
    dependency: "direct overridden"
    description:
      path: sqflite_common_ffi
      ref: HEAD
      resolved-ref: e909d9f75a9b5e0939c073b6ebf3c45ea0ea69a3
      url: "https://gitcode.com/openharmony-sig/flutter_sqflite.git"
    source: git
    version: "2.2.5"
  sqlite3:
    dependency: transitive
    description:
      name: sqlite3
      sha256: "3145bd74dcdb4fd6f5c6dda4d4e4490a8087d7f286a14dee5d37087290f0f8a2"
      url: "https://pub.flutter-io.cn"
    source: hosted
    version: "2.9.4"
  string_scanner:
    dependency: transitive
    description:
      name: string_scanner
      sha256: "921cd31725b72fe181906c6a94d987c78e3b98c2e205b397ea399d4054872b43"
      url: "https://pub.flutter-io.cn"
    source: hosted
    version: "1.4.1"
  super_sliver_list:
    dependency: transitive
    description:
      name: super_sliver_list
      sha256: b1e1e64d08ce40e459b9bb5d9f8e361617c26b8c9f3bb967760b0f436b6e3f56
      url: "https://pub.flutter-io.cn"
    source: hosted
    version: "0.4.1"
  synchronized:
    dependency: transitive
    description:
      name: synchronized
      sha256: c254ade258ec8282947a0acbbc90b9575b4f19673533ee46f2f6e9b3aeefd7c0
      url: "https://pub.flutter-io.cn"
    source: hosted
    version: "3.4.0"
  term_glyph:
    dependency: transitive
    description:
      name: term_glyph
      sha256: "7f554798625ea768a7518313e58f83891c7f5024f88e46e7182a4558850a4b8e"
      url: "https://pub.flutter-io.cn"
    source: hosted
    version: "1.2.2"
  timer_count_down:
    dependency: transitive
    description:
      name: timer_count_down
      sha256: d025d408c2654e497ca0bd4bde014bd7509d4c6397af4ed23a0f9b692bbcf337
      url: "https://pub.flutter-io.cn"
    source: hosted
    version: "2.2.2"
  transparent_image:
    dependency: transitive
    description:
      name: transparent_image
      sha256: e8991d955a2094e197ca24c645efec2faf4285772a4746126ca12875e54ca02f
      url: "https://pub.flutter-io.cn"
    source: hosted
    version: "2.0.1"
  typed_data:
    dependency: transitive
    description:
      name: typed_data
      sha256: f9049c039ebfeb4cf7a7104a675823cd72dba8297f264b6637062516699fa006
      url: "https://pub.flutter-io.cn"
    source: hosted
    version: "1.4.0"
  url_launcher:
    dependency: "direct overridden"
    description:
      path: "packages/url_launcher/url_launcher"
      ref: HEAD
      resolved-ref: "5c69f5f65ac32631846a6a3ae682f1f91c710cc3"
      url: "https://gitcode.com/openharmony-tpc/flutter_packages.git"
    source: git
    version: "6.1.12"
  url_launcher_android:
    dependency: transitive
    description:
      name: url_launcher_android
      sha256: "3bb000251e55d4a209aa0e2e563309dc9bb2befea2295fd0cec1f51760aac572"
      url: "https://pub.flutter-io.cn"
    source: hosted
    version: "6.3.29"
  url_launcher_ios:
    dependency: transitive
    description:
      name: url_launcher_ios
      sha256: cfde38aa257dae62ffe79c87fab20165dfdf6988c1d31b58ebf59b9106062aad
      url: "https://pub.flutter-io.cn"
    source: hosted
    version: "6.3.6"
  url_launcher_linux:
    dependency: transitive
    description:
      name: url_launcher_linux
      sha256: d5e14138b3bc193a0f63c10a53c94b91d399df0512b1f29b94a043db7482384a
      url: "https://pub.flutter-io.cn"
    source: hosted
    version: "3.2.2"
  url_launcher_macos:
    dependency: transitive
    description:
      name: url_launcher_macos
      sha256: "368adf46f71ad3c21b8f06614adb38346f193f3a59ba8fe9a2fd74133070ba18"
      url: "https://pub.flutter-io.cn"
    source: hosted
    version: "3.2.5"
  url_launcher_ohos:
    dependency: transitive
    description:
      path: "packages/url_launcher/url_launcher_ohos"
      ref: master
      resolved-ref: "5c69f5f65ac32631846a6a3ae682f1f91c710cc3"
      url: "https://gitcode.com/openharmony-tpc/flutter_packages.git"
    source: git
    version: "6.0.38"
  url_launcher_platform_interface:
    dependency: transitive
    description:
      name: url_launcher_platform_interface
      sha256: "552f8a1e663569be95a8190206a38187b531910283c3e982193e4f2733f01029"
      url: "https://pub.flutter-io.cn"
    source: hosted
    version: "2.3.2"
  url_launcher_web:
    dependency: transitive
    description:
      name: url_launcher_web
      sha256: "4bd2b7b4dc4d4d0b94e5babfffbca8eac1a126c7f3d6ecbc1a11013faa3abba2"
      url: "https://pub.flutter-io.cn"
    source: hosted
    version: "2.4.1"
  url_launcher_windows:
    dependency: transitive
    description:
      name: url_launcher_windows
      sha256: "712c70ab1b99744ff066053cbe3e80c73332b38d46e5e945c98689b2e66fc15f"
      url: "https://pub.flutter-io.cn"
    source: hosted
    version: "3.1.5"
  uuid:
    dependency: transitive
    description:
      name: uuid
      sha256: "648e103079f7c64a36dc7d39369cabb358d377078a051d6ae2ad3aa539519313"
      url: "https://pub.flutter-io.cn"
    source: hosted
    version: "3.0.7"
  vector_graphics:
    dependency: transitive
    description:
      name: vector_graphics
      sha256: "2306c03da2ba81724afeb589c351ebbc0aa7d86005925be8f8735856dbe5e42d"
      url: "https://pub.flutter-io.cn"
    source: hosted
    version: "1.2.2"
  vector_graphics_codec:
    dependency: transitive
    description:
      name: vector_graphics_codec
      sha256: "99fd9fbd34d9f9a32efd7b6a6aae14125d8237b10403b422a6a6dfeac2806146"
      url: "https://pub.flutter-io.cn"
    source: hosted
    version: "1.1.13"
  vector_graphics_compiler:
    dependency: transitive
    description:
      name: vector_graphics_compiler
      sha256: b9b3f391857781aa96acacef96066f2f49b4cd03cf9fce3ca4d8da2ef5ea129e
      url: "https://pub.flutter-io.cn"
    source: hosted
    version: "1.2.3"
  vector_math:
    dependency: transitive
    description:
      name: vector_math
      sha256: d530bd74fea330e6e364cda7a85019c434070188383e1cd8d9777ee586914c5b
      url: "https://pub.flutter-io.cn"
    source: hosted
    version: "2.2.0"
  version:
    dependency: transitive
    description:
      name: version
      sha256: "3d4140128e6ea10d83da32fef2fa4003fccbf6852217bb854845802f04191f94"
      url: "https://pub.flutter-io.cn"
    source: hosted
    version: "3.0.2"
  web:
    dependency: transitive
    description:
      name: web
      sha256: "868d88a33d8a87b18ffc05f9f030ba328ffefba92d6c127917a2ba740f9cfe4a"
      url: "https://pub.flutter-io.cn"
    source: hosted
    version: "1.1.1"
  webdav_client:
    dependency: transitive
    description:
      name: webdav_client
      sha256: "682fffc50b61dc0e8f46717171db03bf9caaa17347be41c0c91e297553bf86b2"
      url: "https://pub.flutter-io.cn"
    source: hosted
    version: "1.2.2"
  win32:
    dependency: "direct overridden"
    description:
      name: win32
      sha256: d7cb55e04cd34096cd3a79b3330245f54cb96a370a1c27adb3c84b917de8b08e
      url: "https://pub.flutter-io.cn"
    source: hosted
    version: "5.15.0"
  win32_registry:
    dependency: transitive
    description:
      name: win32_registry
      sha256: "1c52f994bdccb77103a6231ad4ea331a244dbcef5d1f37d8462f713143b0bfae"
      url: "https://pub.flutter-io.cn"
    source: hosted
    version: "1.1.0"
  window_manager:
    dependency: transitive
    description:
      name: window_manager
      sha256: d812d3189d23465d2e94baa2505a4462b46dde4939012ff370711c6897d747ae
      url: "https://pub.flutter-io.cn"
    source: hosted
    version: "0.2.9"
  xdg_directories:
    dependency: transitive
    description:
      name: xdg_directories
      sha256: "7a3f37b05d989967cdddcbb571f1ea834867ae2faa29725fd085180e0883aa15"
      url: "https://pub.flutter-io.cn"
    source: hosted
    version: "1.1.0"
  xml:
    dependency: transitive
    description:
      name: xml
      sha256: "971043b3a0d3da28727e40ed3e0b5d18b742fa5a68665cca88e74b7876d5e025"
      url: "https://pub.flutter-io.cn"
    source: hosted
    version: "6.6.1"
sdks:
  dart: ">=3.9.0 <4.0.0"
  flutter: ">=3.35.6"
